
Microsoft Visual Studio Solution File, Format Version 12.00
# Visual Studio Version 17
VisualStudioVersion = 17.3.32819.101
MinimumVisualStudioVersion = 10.0.40219.1
Project("{FAE04EC0-301F-11D3-BF4B-00C04F79EFBC}") = "EcommerceMultiVendor", "EcommerceMultiVendor\EcommerceMultiVendor.csproj", "{6BA99D51-D0DC-4D52-901E-27A32EE5CE48}"
EndProject
Global
	GlobalSection(SolutionConfigurationPlatforms) = preSolution
		Debug|Any CPU = Debug|Any CPU
		Release|Any CPU = Release|Any CPU
	EndGlobalSection
	GlobalSection(ProjectConfigurationPlatforms) = postSolution
		{6BA99D51-D0DC-4D52-901E-27A32EE5CE48}.Debug|Any CPU.ActiveCfg = Debug|Any CPU
		{6BA99D51-D0DC-4D52-901E-27A32EE5CE48}.Debug|Any CPU.Build.0 = Debug|Any CPU
		{6BA99D51-D0DC-4D52-901E-27A32EE5CE48}.Release|Any CPU.ActiveCfg = Release|Any CPU
		{6BA99D51-D0DC-4D52-901E-27A32EE5CE48}.Release|Any CPU.Build.0 = Release|Any CPU
	EndGlobalSection
	GlobalSection(SolutionProperties) = preSolution
		HideSolutionNode = FALSE
	EndGlobalSection
	GlobalSection(ExtensibilityGlobals) = postSolution
		SolutionGuid = {E346DACD-3F85-4E4A-BB57-4196427FD0C8}
	EndGlobalSection
EndGlobal
